{
    "_meta": {
        "hash": {
            "sha256": "b1d1054a7f8fc770f4cdd05bbf9a4982ad34f54ffd4f6310a20a2b4686feee85"
        },
        "pipfile-spec": 6,
        "requires": {
            "python_version": "3.8"
        },
        "sources": [
            {
                "name": "pypi",
                "url": "https://pypi.org/simple",
                "verify_ssl": true
            }
        ]
    },
    "default": {
        "altgraph": {
            "hashes": [
                "sha256:1f05a47122542f97028caf78775a095fbe6a2699b5089de8477eb583167d69aa",
                "sha256:c623e5f3408ca61d4016f23a681b9adb100802ca3e3da5e718915a9e4052cebe"
            ],
            "version": "==0.17"
        },
        "certifi": {
            "hashes": [
                "sha256:2bbf76fd432960138b3ef6dda3dde0544f27cbf8546c458e60baf371917ba9ee",
                "sha256:50b1e4f8446b06f41be7dd6338db18e0990601dce795c2b1686458aa7e8fa7d8"
            ],
            "version": "==2021.5.30"
        },
        "chardet": {
            "hashes": [
                "sha256:84ab92ed1c4d4f16916e05906b6b75a6c0fb5db821cc65e70cbd64a3e2a5eaae",
                "sha256:fc323ffcaeaed0e0a02bf4d117757b98aed530d9ed4531e3e15460124c106691"
            ],
            "version": "==3.0.4"
        },
        "click": {
            "hashes": [
                "sha256:8c04c11192119b1ef78ea049e0a6f0463e4c48ef00a30160c704337586f3ad7a",
                "sha256:fba402a4a47334742d782209a7c79bc448911afe1149d07bdabdf480b3e2f4b6"
            ],
            "version": "==8.0.1"
        },
        "flask": {
            "hashes": [
                "sha256:4efa1ae2d7c9865af48986de8aeb8504bf32c7f3d6fdc9353d34b21f4b127060",
                "sha256:8a4fdd8936eba2512e9c85df320a37e694c93945b33ef33c89946a340a238557"
            ],
            "index": "pypi",
            "version": "==1.1.2"
        },
        "idna": {
            "hashes": [
                "sha256:b307872f855b18632ce0c21c5e45be78c0ea7ae4c15c828c20788b26921eb3f6",
                "sha256:b97d804b1e9b523befed77c48dacec60e6dcb0b5391d57af6a65a312a90648c0"
            ],
            "version": "==2.10"
        },
        "itsdangerous": {
            "hashes": [
                "sha256:5174094b9637652bdb841a3029700391451bd092ba3db90600dea710ba28e97c",
                "sha256:9e724d68fc22902a1435351f84c3fb8623f303fffcc566a4cb952df8c572cff0"
            ],
            "version": "==2.0.1"
        },
        "jinja2": {
            "hashes": [
                "sha256:1f06f2da51e7b56b8f238affdd6b4e2c61e39598a378cc49345bc1bd42a978a4",
                "sha256:703f484b47a6af502e743c9122595cc812b0271f661722403114f71a79d0f5a4"
            ],
            "version": "==3.0.1"
        },
        "markupsafe": {
            "hashes": [
                "sha256:01a9b8ea66f1658938f65b93a85ebe8bc016e6769611be228d797c9d998dd298",
                "sha256:023cb26ec21ece8dc3907c0e8320058b2e0cb3c55cf9564da612bc325bed5e64",
                "sha256:0446679737af14f45767963a1a9ef7620189912317d095f2d9ffa183a4d25d2b",
                "sha256:0717a7390a68be14b8c793ba258e075c6f4ca819f15edfc2a3a027c823718567",
                "sha256:0955295dd5eec6cb6cc2fe1698f4c6d84af2e92de33fbcac4111913cd100a6ff",
                "sha256:10f82115e21dc0dfec9ab5c0223652f7197feb168c940f3ef61563fc2d6beb74",
                "sha256:1d609f577dc6e1aa17d746f8bd3c31aa4d258f4070d61b2aa5c4166c1539de35",
                "sha256:2ef54abee730b502252bcdf31b10dacb0a416229b72c18b19e24a4509f273d26",
                "sha256:3c112550557578c26af18a1ccc9e090bfe03832ae994343cfdacd287db6a6ae7",
                "sha256:47ab1e7b91c098ab893b828deafa1203de86d0bc6ab587b160f78fe6c4011f75",
                "sha256:49e3ceeabbfb9d66c3aef5af3a60cc43b85c33df25ce03d0031a608b0a8b2e3f",
                "sha256:4efca8f86c54b22348a5467704e3fec767b2db12fc39c6d963168ab1d3fc9135",
                "sha256:53edb4da6925ad13c07b6d26c2a852bd81e364f95301c66e930ab2aef5b5ddd8",
                "sha256:594c67807fb16238b30c44bdf74f36c02cdf22d1c8cda91ef8a0ed8dabf5620a",
                "sha256:611d1ad9a4288cf3e3c16014564df047fe08410e628f89805e475368bd304914",
                "sha256:6557b31b5e2c9ddf0de32a691f2312a32f77cd7681d8af66c2692efdbef84c18",
                "sha256:693ce3f9e70a6cf7d2fb9e6c9d8b204b6b39897a2c4a1aa65728d5ac97dcc1d8",
                "sha256:6a7fae0dd14cf60ad5ff42baa2e95727c3d81ded453457771d02b7d2b3f9c0c2",
                "sha256:6c4ca60fa24e85fe25b912b01e62cb969d69a23a5d5867682dd3e80b5b02581d",
                "sha256:7d91275b0245b1da4d4cfa07e0faedd5b0812efc15b702576d103293e252af1b",
                "sha256:905fec760bd2fa1388bb5b489ee8ee5f7291d692638ea5f67982d968366bef9f",
                "sha256:97383d78eb34da7e1fa37dd273c20ad4320929af65d156e35a5e2d89566d9dfb",
                "sha256:984d76483eb32f1bcb536dc27e4ad56bba4baa70be32fa87152832cdd9db0833",
                "sha256:a30e67a65b53ea0a5e62fe23682cfe22712e01f453b95233b25502f7c61cb415",
                "sha256:ab3ef638ace319fa26553db0624c4699e31a28bb2a835c5faca8f8acf6a5a902",
                "sha256:b2f4bf27480f5e5e8ce285a8c8fd176c0b03e93dcc6646477d4630e83440c6a9",
                "sha256:b7f2d075102dc8c794cbde1947378051c4e5180d52d276987b8d28a3bd58c17d",
                "sha256:be98f628055368795d818ebf93da628541e10b75b41c559fdf36d104c5787066",
                "sha256:d7f9850398e85aba693bb640262d3611788b1f29a79f0c93c565694658f4071f",
                "sha256:f5653a225f31e113b152e56f154ccbe59eeb1c7487b39b9d9f9cdb58e6c79dc5",
                "sha256:f826e31d18b516f653fe296d967d700fddad5901ae07c622bb3705955e1faa94",
                "sha256:f8ba0e8349a38d3001fae7eadded3f6606f0da5d748ee53cc1dab1d6527b9509",
                "sha256:f9081981fe268bd86831e5c75f7de206ef275defcb82bc70740ae6dc507aee51",
                "sha256:fa130dd50c57d53368c9d59395cb5526eda596d3ffe36666cd81a44d56e48872"
            ],
            "version": "==2.0.1"
        },
        "pillow": {
            "hashes": [
                "sha256:01425106e4e8cee195a411f729cff2a7d61813b0b11737c12bd5991f5f14bcd5",
                "sha256:031a6c88c77d08aab84fecc05c3cde8414cd6f8406f4d2b16fed1e97634cc8a4",
                "sha256:083781abd261bdabf090ad07bb69f8f5599943ddb539d64497ed021b2a67e5a9",
                "sha256:0d19d70ee7c2ba97631bae1e7d4725cdb2ecf238178096e8c82ee481e189168a",
                "sha256:0e04d61f0064b545b989126197930807c86bcbd4534d39168f4aa5fda39bb8f9",
                "sha256:12e5e7471f9b637762453da74e390e56cc43e486a88289995c1f4c1dc0bfe727",
                "sha256:22fd0f42ad15dfdde6c581347eaa4adb9a6fc4b865f90b23378aa7914895e120",
                "sha256:238c197fc275b475e87c1453b05b467d2d02c2915fdfdd4af126145ff2e4610c",
                "sha256:3b570f84a6161cf8865c4e08adf629441f56e32f180f7aa4ccbd2e0a5a02cba2",
                "sha256:463822e2f0d81459e113372a168f2ff59723e78528f91f0bd25680ac185cf797",
                "sha256:4d98abdd6b1e3bf1a1cbb14c3895226816e666749ac040c4e2554231068c639b",
                "sha256:5afe6b237a0b81bd54b53f835a153770802f164c5570bab5e005aad693dab87f",
                "sha256:5b70110acb39f3aff6b74cf09bb4169b167e2660dabc304c1e25b6555fa781ef",
                "sha256:5cbf3e3b1014dddc45496e8cf38b9f099c95a326275885199f427825c6522232",
                "sha256:624b977355cde8b065f6d51b98497d6cd5fbdd4f36405f7a8790e3376125e2bb",
                "sha256:63728564c1410d99e6d1ae8e3b810fe012bc440952168af0a2877e8ff5ab96b9",
                "sha256:66cc56579fd91f517290ab02c51e3a80f581aba45fd924fcdee01fa06e635812",
                "sha256:6c32cc3145928c4305d142ebec682419a6c0a8ce9e33db900027ddca1ec39178",
                "sha256:8b56553c0345ad6dcb2e9b433ae47d67f95fc23fe28a0bde15a120f25257e291",
                "sha256:8bb1e155a74e1bfbacd84555ea62fa21c58e0b4e7e6b20e4447b8d07990ac78b",
                "sha256:95d5ef984eff897850f3a83883363da64aae1000e79cb3c321915468e8c6add5",
                "sha256:a013cbe25d20c2e0c4e85a9daf438f85121a4d0344ddc76e33fd7e3965d9af4b",
                "sha256:a787ab10d7bb5494e5f76536ac460741788f1fbce851068d73a87ca7c35fc3e1",
                "sha256:a7d5e9fad90eff8f6f6106d3b98b553a88b6f976e51fce287192a5d2d5363713",
                "sha256:aac00e4bc94d1b7813fe882c28990c1bc2f9d0e1aa765a5f2b516e8a6a16a9e4",
                "sha256:b91c36492a4bbb1ee855b7d16fe51379e5f96b85692dc8210831fbb24c43e484",
                "sha256:c03c07ed32c5324939b19e36ae5f75c660c81461e312a41aea30acdd46f93a7c",
                "sha256:c5236606e8570542ed424849f7852a0ff0bce2c4c8d0ba05cc202a5a9c97dee9",
                "sha256:c6b39294464b03457f9064e98c124e09008b35a62e3189d3513e5148611c9388",
                "sha256:cb7a09e173903541fa888ba010c345893cd9fc1b5891aaf060f6ca77b6a3722d",
                "sha256:d68cb92c408261f806b15923834203f024110a2e2872ecb0bd2a110f89d3c602",
                "sha256:dc38f57d8f20f06dd7c3161c59ca2c86893632623f33a42d592f097b00f720a9",
                "sha256:e98eca29a05913e82177b3ba3d198b1728e164869c613d76d0de4bde6768a50e",
                "sha256:f217c3954ce5fd88303fc0c317af55d5e0204106d86dea17eb8205700d47dec2"
            ],
            "index": "pypi",
            "version": "==8.2.0"
        },
        "pycryptodome": {
            "hashes": [
                "sha256:19cb674df6c74a14b8b408aa30ba8a89bd1c01e23505100fb45f930fbf0ed0d9",
                "sha256:1cfdb92dca388e27e732caa72a1cc624520fe93752a665c3b6cd8f1a91b34916",
                "sha256:21ef416aa52802d22b9c11598d4e5352285bd9d6b5d868cde3e6bf2b22b4ebfb",
                "sha256:27397aee992af69d07502126561d851ba3845aa808f0e55c71ad0efa264dd7d4",
                "sha256:28f75e58d02019a7edc7d4135203d2501dfc47256d175c72c9798f9a129a49a7",
                "sha256:2a68df525b387201a43b27b879ce8c08948a430e883a756d6c9e3acdaa7d7bd8",
                "sha256:411745c6dce4eff918906eebcde78771d44795d747e194462abb120d2e537cd9",
                "sha256:46e96aeb8a9ca8b1edf9b1fd0af4bf6afcf3f1ca7fa35529f5d60b98f3e4e959",
                "sha256:4ed27951b0a17afd287299e2206a339b5b6d12de9321e1a1575261ef9c4a851b",
                "sha256:50826b49fbca348a61529693b0031cdb782c39060fb9dca5ac5dff858159dc5a",
                "sha256:5598dc6c9dbfe882904e54584322893eff185b98960bbe2cdaaa20e8a437b6e5",
                "sha256:5c3c4865730dfb0263f822b966d6d58429d8b1e560d1ddae37685fd9e7c63161",
                "sha256:5f19e6ef750f677d924d9c7141f54bade3cd56695bbfd8a9ef15d0378557dfe4",
                "sha256:60febcf5baf70c566d9d9351c47fbd8321da9a4edf2eff45c4c31c86164ca794",
                "sha256:62c488a21c253dadc9f731a32f0ac61e4e436d81a1ea6f7d1d9146ed4d20d6bd",
                "sha256:6d3baaf82681cfb1a842f1c8f77beac791ceedd99af911e4f5fabec32bae2259",
                "sha256:6e4227849e4231a3f5b35ea5bdedf9a82b3883500e5624f00a19156e9a9ef861",
                "sha256:6e89bb3826e6f84501e8e3b205c22595d0c5492c2f271cbb9ee1c48eb1866645",
                "sha256:70d807d11d508433daf96244ec1c64e55039e8a35931fc5ea9eee94dbe3cb6b5",
                "sha256:76b1a34d74bb2c91bce460cdc74d1347592045627a955e9a252554481c17c52f",
                "sha256:7798e73225a699651888489fbb1dbc565e03a509942a8ce6194bbe6fb582a41f",
                "sha256:834b790bbb6bd18956f625af4004d9c15eed12d5186d8e57851454ae76d52215",
                "sha256:843e5f10ecdf9d307032b8b91afe9da1d6ed5bb89d0bbec5c8dcb4ba44008e11",
                "sha256:8f9f84059039b672a5a705b3c5aa21747867bacc30a72e28bf0d147cc8ef85ed",
                "sha256:9000877383e2189dafd1b2fc68c6c726eca9a3cfb6d68148fbb72ccf651959b6",
                "sha256:910e202a557e1131b1c1b3f17a63914d57aac55cf9fb9b51644962841c3995c4",
                "sha256:946399d15eccebafc8ce0257fc4caffe383c75e6b0633509bd011e357368306c",
                "sha256:a199e9ca46fc6e999e5f47fce342af4b56c7de85fae893c69ab6aa17531fb1e1",
                "sha256:a3d8a9efa213be8232c59cdc6b65600276508e375e0a119d710826248fd18d37",
                "sha256:a4599c0ca0fc027c780c1c45ed996d5bef03e571470b7b1c7171ec1e1a90914c",
                "sha256:b17b0ad9faee14d6318f965d58d323b0b37247e1e0c9c40c23504c00f4af881e",
                "sha256:b4e6b269a8ddaede774e5c3adbef6bf452ee144e6db8a716d23694953348cd86",
                "sha256:b68794fba45bdb367eeb71249c26d23e61167510a1d0c3d6cf0f2f14636e62ee",
                "sha256:b830fae2a46536ee830599c3c4af114f5228f31e54adac370767616a701a99dc",
                "sha256:d7ec2bd8f57c559dd24e71891c51c25266a8deb66fc5f02cc97c7fb593d1780a",
                "sha256:e15bde67ccb7d4417f627dd16ffe2f5a4c2941ce5278444e884cb26d73ecbc61",
                "sha256:eb01f9997e4d6a8ec8a1ad1f676ba5a362781ff64e8189fe2985258ba9cb9706",
                "sha256:f381036287c25d9809a08224ce4d012b7b7d50b6ada3ddbc3bc6f1f659365120",
                "sha256:faa682c404c218e8788c3126c9a4b8fbcc54dc245b5b6e8ea5b46f3b63bd0c84"
            ],
            "index": "pypi",
            "version": "==3.9.9"
        },
        "pyinstaller": {
            "hashes": [
                "sha256:954ae81de9a4bc096ff02433b3e245b9272fe53f27cac319e71fe7540952bd3d"
            ],
            "index": "pypi",
            "version": "==4.1"
        },
        "pyinstaller-hooks-contrib": {
            "hashes": [
                "sha256:27558072021857d89524c42136feaa2ffe4f003f1bdf0278f9b24f6902c1759c",
                "sha256:892310e6363655838485ee748bf1c5e5cade7963686d9af8650ee218a3e0b031"
            ],
            "version": "==2021.1"
        },
        "requests": {
            "hashes": [
                "sha256:7f1a0b932f4a60a1a65caa4263921bb7d9ee911957e0ae4a23a6dd08185ad5f8",
                "sha256:e786fa28d8c9154e6a4de5d46a1d921b8749f8b74e28bde23768e5e16eece998"
            ],
            "index": "pypi",
            "version": "==2.25.0"
        },
        "toml": {
            "hashes": [
                "sha256:806143ae5bfb6a3c6e736a764057db0e6a0e05e338b5630894a5f779cabb4f9b",
                "sha256:b3bda1d108d5dd99f4a20d24d9c348e91c4db7ab1b749200bded2f839ccbe68f"
            ],
            "index": "pypi",
            "version": "==0.10.2"
        },
        "urllib3": {
            "hashes": [
                "sha256:753a0374df26658f99d826cfe40394a686d05985786d946fbe4165b5148f5a7c",
                "sha256:a7acd0977125325f516bda9735fa7142b909a8d01e8b2e4c8108d0984e6e0098"
            ],
            "version": "==1.26.5"
        },
        "werkzeug": {
            "hashes": [
                "sha256:1de1db30d010ff1af14a009224ec49ab2329ad2cde454c8a708130642d579c42",
                "sha256:6c1ec500dcdba0baa27600f6a22f6333d8b662d22027ff9f6202e3367413caa8"
            ],
            "version": "==2.0.1"
        }
    },
    "develop": {}
}
